
Microsoft Visual Studio Solution File, Format Version 12.00
Project("{F2A71F9B-5D33-465A-A702-920D77279786}") = "Day1", "Day1\Day1.fsproj", "{966FBA15-8B11-43FC-8D09-46B2B649293B}"
EndProject
Project("{F2A71F9B-5D33-465A-A702-920D77279786}") = "Day2", "Day2\Day2.fsproj", "{FB03CF5A-F8A6-49F9-9103-D05575488C6C}"
EndProject
Project("{F2A71F9B-5D33-465A-A702-920D77279786}") = "Day3", "Day3\Day3.fsproj", "{5D97661B-CB77-4BDE-9B83-42CB4B2CAD5E}"
EndProject
Project("{F2A71F9B-5D33-465A-A702-920D77279786}") = "Day4", "Day4\Day4.fsproj", "{EFC6B333-A72B-4755-8CBE-09D6F5BDD2D0}"
EndProject
Project("{F2A71F9B-5D33-465A-A702-920D77279786}") = "Day5", "Day5\Day5.fsproj", "{A856637A-0016-47CD-8BB2-2C6549DFB113}"
EndProject
Global
	GlobalSection(SolutionConfigurationPlatforms) = preSolution
		Debug|Any CPU = Debug|Any CPU
		Release|Any CPU = Release|Any CPU
	EndGlobalSection
	GlobalSection(ProjectConfigurationPlatforms) = postSolution
		{966FBA15-8B11-43FC-8D09-46B2B649293B}.Debug|Any CPU.ActiveCfg = Debug|Any CPU
		{966FBA15-8B11-43FC-8D09-46B2B649293B}.Debug|Any CPU.Build.0 = Debug|Any CPU
		{966FBA15-8B11-43FC-8D09-46B2B649293B}.Release|Any CPU.ActiveCfg = Release|Any CPU
		{966FBA15-8B11-43FC-8D09-46B2B649293B}.Release|Any CPU.Build.0 = Release|Any CPU
		{FB03CF5A-F8A6-49F9-9103-D05575488C6C}.Debug|Any CPU.ActiveCfg = Debug|Any CPU
		{FB03CF5A-F8A6-49F9-9103-D05575488C6C}.Debug|Any CPU.Build.0 = Debug|Any CPU
		{FB03CF5A-F8A6-49F9-9103-D05575488C6C}.Release|Any CPU.ActiveCfg = Release|Any CPU
		{FB03CF5A-F8A6-49F9-9103-D05575488C6C}.Release|Any CPU.Build.0 = Release|Any CPU
		{5D97661B-CB77-4BDE-9B83-42CB4B2CAD5E}.Debug|Any CPU.ActiveCfg = Debug|Any CPU
		{5D97661B-CB77-4BDE-9B83-42CB4B2CAD5E}.Debug|Any CPU.Build.0 = Debug|Any CPU
		{5D97661B-CB77-4BDE-9B83-42CB4B2CAD5E}.Release|Any CPU.ActiveCfg = Release|Any CPU
		{5D97661B-CB77-4BDE-9B83-42CB4B2CAD5E}.Release|Any CPU.Build.0 = Release|Any CPU
		{EFC6B333-A72B-4755-8CBE-09D6F5BDD2D0}.Debug|Any CPU.ActiveCfg = Debug|Any CPU
		{EFC6B333-A72B-4755-8CBE-09D6F5BDD2D0}.Debug|Any CPU.Build.0 = Debug|Any CPU
		{EFC6B333-A72B-4755-8CBE-09D6F5BDD2D0}.Release|Any CPU.ActiveCfg = Release|Any CPU
		{EFC6B333-A72B-4755-8CBE-09D6F5BDD2D0}.Release|Any CPU.Build.0 = Release|Any CPU
		{A856637A-0016-47CD-8BB2-2C6549DFB113}.Debug|Any CPU.ActiveCfg = Debug|Any CPU
		{A856637A-0016-47CD-8BB2-2C6549DFB113}.Debug|Any CPU.Build.0 = Debug|Any CPU
		{A856637A-0016-47CD-8BB2-2C6549DFB113}.Release|Any CPU.ActiveCfg = Release|Any CPU
		{A856637A-0016-47CD-8BB2-2C6549DFB113}.Release|Any CPU.Build.0 = Release|Any CPU
	EndGlobalSection
EndGlobal
